
Microsoft Visual Studio Solution File, Format Version 12.00
# Visual Studio Version 17
VisualStudioVersion = 17.11.35222.181
MinimumVisualStudioVersion = 10.0.40219.1
Project("{FAE04EC0-301F-11D3-BF4B-00C04F79EFBC}") = "minimal-API", "minimal-API\minimal-API.csproj", "{7644B277-AF04-4CB1-8666-FEE724A9ACC2}"
EndProject
Global
	GlobalSection(SolutionConfigurationPlatforms) = preSolution
		Debug|Any CPU = Debug|Any CPU
		Release|Any CPU = Release|Any CPU
	EndGlobalSection
	GlobalSection(ProjectConfigurationPlatforms) = postSolution
		{7644B277-AF04-4CB1-8666-FEE724A9ACC2}.Debug|Any CPU.ActiveCfg = Debug|Any CPU
		{7644B277-AF04-4CB1-8666-FEE724A9ACC2}.Debug|Any CPU.Build.0 = Debug|Any CPU
		{7644B277-AF04-4CB1-8666-FEE724A9ACC2}.Release|Any CPU.ActiveCfg = Release|Any CPU
		{7644B277-AF04-4CB1-8666-FEE724A9ACC2}.Release|Any CPU.Build.0 = Release|Any CPU
	EndGlobalSection
	GlobalSection(SolutionProperties) = preSolution
		HideSolutionNode = FALSE
	EndGlobalSection
	GlobalSection(ExtensibilityGlobals) = postSolution
		SolutionGuid = {56E22DD8-AE1B-496B-937F-96BA1479D341}
	EndGlobalSection
EndGlobal
